
Microsoft Visual Studio Solution File, Format Version 12.00
# Visual Studio Version 17
VisualStudioVersion = 17.13.35919.96 d17.13
MinimumVisualStudioVersion = 10.0.40219.1
Project("{FAE04EC0-301F-11D3-BF4B-00C04F79EFBC}") = "TcpRecorder", "TcpRecorder\TcpRecorder.csproj", "{AEF94989-9C03-4465-80B6-63E0A61A4BD2}"
EndProject
Global
	GlobalSection(SolutionConfigurationPlatforms) = preSolution
		Debug|Any CPU = Debug|Any CPU
		Release|Any CPU = Release|Any CPU
	EndGlobalSection
	GlobalSection(ProjectConfigurationPlatforms) = postSolution
		{AEF94989-9C03-4465-80B6-63E0A61A4BD2}.Debug|Any CPU.ActiveCfg = Debug|Any CPU
		{AEF94989-9C03-4465-80B6-63E0A61A4BD2}.Debug|Any CPU.Build.0 = Debug|Any CPU
		{AEF94989-9C03-4465-80B6-63E0A61A4BD2}.Release|Any CPU.ActiveCfg = Release|Any CPU
		{AEF94989-9C03-4465-80B6-63E0A61A4BD2}.Release|Any CPU.Build.0 = Release|Any CPU
	EndGlobalSection
	GlobalSection(SolutionProperties) = preSolution
		HideSolutionNode = FALSE
	EndGlobalSection
	GlobalSection(ExtensibilityGlobals) = postSolution
		SolutionGuid = {BBDF8F1C-4A0B-4706-9C3F-3CD9F14AFF2D}
	EndGlobalSection
EndGlobal
